// !$*UTF8*$!
{
	archiveVersion = 1;
	classes = {
	};
	objectVersion = 52;
	objects = {

/* Begin PBXBuildFile section */
		1E0CCDB6266D227300447008 /* schema.json in Resources */ = {isa = PBXBuildFile; fileRef = 1E0CCDB5266D227300447008 /* schema.json */; };
		1E3A8511266D14D00004393C /* AppDelegate.swift in Sources */ = {isa = PBXBuildFile; fileRef = 1E3A8510266D14D00004393C /* AppDelegate.swift */; };
		1E3A8513266D14D00004393C /* SceneDelegate.swift in Sources */ = {isa = PBXBuildFile; fileRef = 1E3A8512266D14D00004393C /* SceneDelegate.swift */; };
		1E3A8515266D14D00004393C /* ViewController.swift in Sources */ = {isa = PBXBuildFile; fileRef = 1E3A8514266D14D00004393C /* ViewController.swift */; };
		1E3A8518266D14D00004393C /* Main.storyboard in Resources */ = {isa = PBXBuildFile; fileRef = 1E3A8516266D14D00004393C /* Main.storyboard */; };
		1E3A851A266D14D30004393C /* Assets.xcassets in Resources */ = {isa = PBXBuildFile; fileRef = 1E3A8519266D14D30004393C /* Assets.xcassets */; };
		1E3A851D266D14D30004393C /* LaunchScreen.storyboard in Resources */ = {isa = PBXBuildFile; fileRef = 1E3A851B266D14D30004393C /* LaunchScreen.storyboard */; };
		1EAD8710266D255B0070AE91 /* API.swift in Sources */ = {isa = PBXBuildFile; fileRef = 1EAD870F266D255B0070AE91 /* API.swift */; };
		1EAD8713266D25BA0070AE91 /* Apollo in Frameworks */ = {isa = PBXBuildFile; productRef = 1EAD8712266D25BA0070AE91 /* Apollo */; };
		1EAD8715266D25BA0070AE91 /* ApolloWebSocket in Frameworks */ = {isa = PBXBuildFile; productRef = 1EAD8714266D25BA0070AE91 /* ApolloWebSocket */; };
		1EAD8717266D263D0070AE91 /* Network.swift in Sources */ = {isa = PBXBuildFile; fileRef = 1EAD8716266D263D0070AE91 /* Network.swift */; };
		1EAD8719266D2B820070AE91 /* LaunchListClient.swift in Sources */ = {isa = PBXBuildFile; fileRef = 1EAD8718266D2B820070AE91 /* LaunchListClient.swift */; };
/* End PBXBuildFile section */

/* Begin PBXFileReference section */
		1E0CCDB5266D227300447008 /* schema.json */ = {isa = PBXFileReference; fileEncoding = 4; lastKnownFileType = text.json; path = schema.json; sourceTree = "<group>"; };
		1E0CCDB7266D228C00447008 /* LaunchList.graphql */ = {isa = PBXFileReference; lastKnownFileType = text; path = LaunchList.graphql; sourceTree = "<group>"; };
		1E3A850D266D14D00004393C /* GraphQL-Kata.app */ = {isa = PBXFileReference; explicitFileType = wrapper.application; includeInIndex = 0; path = "GraphQL-Kata.app"; sourceTree = BUILT_PRODUCTS_DIR; };
		1E3A8510266D14D00004393C /* AppDelegate.swift */ = {isa = PBXFileReference; lastKnownFileType = sourcecode.swift; path = AppDelegate.swift; sourceTree = "<group>"; };
		1E3A8512266D14D00004393C /* SceneDelegate.swift */ = {isa = PBXFileReference; lastKnownFileType = sourcecode.swift; path = SceneDelegate.swift; sourceTree = "<group>"; };
		1E3A8514266D14D00004393C /* ViewController.swift */ = {isa = PBXFileReference; lastKnownFileType = sourcecode.swift; path = ViewController.swift; sourceTree = "<group>"; };
		1E3A8517266D14D00004393C /* Base */ = {isa = PBXFileReference; lastKnownFileType = file.storyboard; name = Base; path = Base.lproj/Main.storyboard; sourceTree = "<group>"; };
		1E3A8519266D14D30004393C /* Assets.xcassets */ = {isa = PBXFileReference; lastKnownFileType = folder.assetcatalog; path = Assets.xcassets; sourceTree = "<group>"; };
		1E3A851C266D14D30004393C /* Base */ = {isa = PBXFileReference; lastKnownFileType = file.storyboard; name = Base; path = Base.lproj/LaunchScreen.storyboard; sourceTree = "<group>"; };
		1E3A851E266D14D30004393C /* Info.plist */ = {isa = PBXFileReference; lastKnownFileType = text.plist.xml; path = Info.plist; sourceTree = "<group>"; };
		1EAD870F266D255B0070AE91 /* API.swift */ = {isa = PBXFileReference; fileEncoding = 4; lastKnownFileType = sourcecode.swift; path = API.swift; sourceTree = "<group>"; };
		1EAD8716266D263D0070AE91 /* Network.swift */ = {isa = PBXFileReference; lastKnownFileType = sourcecode.swift; path = Network.swift; sourceTree = "<group>"; };
		1EAD8718266D2B820070AE91 /* LaunchListClient.swift */ = {isa = PBXFileReference; lastKnownFileType = sourcecode.swift; path = LaunchListClient.swift; sourceTree = "<group>"; };
/* End PBXFileReference section */

/* Begin PBXFrameworksBuildPhase section */
		1E3A850A266D14D00004393C /* Frameworks */ = {
			isa = PBXFrameworksBuildPhase;
			buildActionMask = 2147483647;
			files = (
				1EAD8713266D25BA0070AE91 /* Apollo in Frameworks */,
				1EAD8715266D25BA0070AE91 /* ApolloWebSocket in Frameworks */,
			);
			runOnlyForDeploymentPostprocessing = 0;
		};
/* End PBXFrameworksBuildPhase section */

/* Begin PBXGroup section */
		1E3A8504266D14D00004393C = {
			isa = PBXGroup;
			children = (
				1E3A850F266D14D00004393C /* GraphQL-Kata */,
				1E3A850E266D14D00004393C /* Products */,
			);
			sourceTree = "<group>";
		};
		1E3A850E266D14D00004393C /* Products */ = {
			isa = PBXGroup;
			children = (
				1E3A850D266D14D00004393C /* GraphQL-Kata.app */,
			);
			name = Products;
			sourceTree = "<group>";
		};
		1E3A850F266D14D00004393C /* GraphQL-Kata */ = {
			isa = PBXGroup;
			children = (
				1E0CCDB5266D227300447008 /* schema.json */,
				1EAD870F266D255B0070AE91 /* API.swift */,
				1E0CCDB7266D228C00447008 /* LaunchList.graphql */,
				1E3A8510266D14D00004393C /* AppDelegate.swift */,
				1E3A8512266D14D00004393C /* SceneDelegate.swift */,
				1E3A8514266D14D00004393C /* ViewController.swift */,
				1E3A8516266D14D00004393C /* Main.storyboard */,
				1E3A8519266D14D30004393C /* Assets.xcassets */,
				1E3A851B266D14D30004393C /* LaunchScreen.storyboard */,
				1E3A851E266D14D30004393C /* Info.plist */,
				1EAD8716266D263D0070AE91 /* Network.swift */,
				1EAD8718266D2B820070AE91 /* LaunchListClient.swift */,
			);
			path = "GraphQL-Kata";
			sourceTree = "<group>";
		};
/* End PBXGroup section */

/* Begin PBXNativeTarget section */
		1E3A850C266D14D00004393C /* GraphQL-Kata */ = {
			isa = PBXNativeTarget;
			buildConfigurationList = 1E3A8537266D14D30004393C /* Build configuration list for PBXNativeTarget "GraphQL-Kata" */;
			buildPhases = (
				1E3A8509266D14D00004393C /* Sources */,
				1E3A850A266D14D00004393C /* Frameworks */,
				1E3A850B266D14D00004393C /* Resources */,
			);
			buildRules = (
			);
			dependencies = (
			);
			name = "GraphQL-Kata";
			packageProductDependencies = (
				1EAD8712266D25BA0070AE91 /* Apollo */,
				1EAD8714266D25BA0070AE91 /* ApolloWebSocket */,
			);
			productName = "GraphQL-Kata";
			productReference = 1E3A850D266D14D00004393C /* GraphQL-Kata.app */;
			productType = "com.apple.product-type.application";
		};
/* End PBXNativeTarget section */

/* Begin PBXProject section */
		1E3A8505266D14D00004393C /* Project object */ = {
			isa = PBXProject;
			attributes = {
				LastSwiftUpdateCheck = 1250;
				LastUpgradeCheck = 1250;
				TargetAttributes = {
					1E3A850C266D14D00004393C = {
						CreatedOnToolsVersion = 12.5;
					};
				};
			};
			buildConfigurationList = 1E3A8508266D14D00004393C /* Build configuration list for PBXProject "GraphQL-Kata" */;
			compatibilityVersion = "Xcode 9.3";
			developmentRegion = en;
			hasScannedForEncodings = 0;
			knownRegions = (
				en,
				Base,
			);
			mainGroup = 1E3A8504266D14D00004393C;
			packageReferences = (
				1EAD8711266D25BA0070AE91 /* XCRemoteSwiftPackageReference "apollo-ios" */,
			);
			productRefGroup = 1E3A850E266D14D00004393C /* Products */;
			projectDirPath = "";
			projectRoot = "";
			targets = (
				1E3A850C266D14D00004393C /* GraphQL-Kata */,
			);
		};
/* End PBXProject section */

/* Begin PBXResourcesBuildPhase section */
		1E3A850B266D14D00004393C /* Resources */ = {
			isa = PBXResourcesBuildPhase;
			buildActionMask = 2147483647;
			files = (
				1E0CCDB6266D227300447008 /* schema.json in Resources */,
				1E3A851D266D14D30004393C /* LaunchScreen.storyboard in Resources */,
				1E3A851A266D14D30004393C /* Assets.xcassets in Resources */,
				1E3A8518266D14D00004393C /* Main.storyboard in Resources */,
			);
			runOnlyForDeploymentPostprocessing = 0;
		};
/* End PBXResourcesBuildPhase section */

/* Begin PBXSourcesBuildPhase section */
		1E3A8509266D14D00004393C /* Sources */ = {
			isa = PBXSourcesBuildPhase;
			buildActionMask = 2147483647;
			files = (
				1EAD8717266D263D0070AE91 /* Network.swift in Sources */,
				1E3A8515266D14D00004393C /* ViewController.swift in Sources */,
				1E3A8511266D14D00004393C /* AppDelegate.swift in Sources */,
				1EAD8719266D2B820070AE91 /* LaunchListClient.swift in Sources */,
				1EAD8710266D255B0070AE91 /* API.swift in Sources */,
				1E3A8513266D14D00004393C /* SceneDelegate.swift in Sources */,
			);
			runOnlyForDeploymentPostprocessing = 0;
		};
/* End PBXSourcesBuildPhase section */

/* Begin PBXVariantGroup section */
		1E3A8516266D14D00004393C /* Main.storyboard */ = {
			isa = PBXVariantGroup;
			children = (
				1E3A8517266D14D00004393C /* Base */,
			);
			name = Main.storyboard;
			sourceTree = "<group>";
		};
		1E3A851B266D14D30004393C /* LaunchScreen.storyboard */ = {
			isa = PBXVariantGroup;
			children = (
				1E3A851C266D14D30004393C /* Base */,
			);
			name = LaunchScreen.storyboard;
			sourceTree = "<group>";
		};
/* End PBXVariantGroup section */

/* Begin XCBuildConfiguration section */
		1E3A8535266D14D30004393C /* Debug */ = {
			isa = XCBuildConfiguration;
			buildSettings = {
				ALWAYS_SEARCH_USER_PATHS = NO;
				CLANG_ANALYZER_NONNULL = YES;
				CLANG_ANALYZER_NUMBER_OBJECT_CONVERSION = YES_AGGRESSIVE;
				CLANG_CXX_LANGUAGE_STANDARD = "gnu++14";
				CLANG_CXX_LIBRARY = "libc++";
				CLANG_ENABLE_MODULES = YES;
				CLANG_ENABLE_OBJC_ARC = YES;
				CLANG_ENABLE_OBJC_WEAK = YES;
				CLANG_WARN_BLOCK_CAPTURE_AUTORELEASING = YES;
				CLANG_WARN_BOOL_CONVERSION = YES;
				CLANG_WARN_COMMA = YES;
				CLANG_WARN_CONSTANT_CONVERSION = YES;
				CLANG_WARN_DEPRECATED_OBJC_IMPLEMENTATIONS = YES;
				CLANG_WARN_DIRECT_OBJC_ISA_USAGE = YES_ERROR;
				CLANG_WARN_DOCUMENTATION_COMMENTS = YES;
				CLANG_WARN_EMPTY_BODY = YES;
				CLANG_WARN_ENUM_CONVERSION = YES;
				CLANG_WARN_INFINITE_RECURSION = YES;
				CLANG_WARN_INT_CONVERSION = YES;
				CLANG_WARN_NON_LITERAL_NULL_CONVERSION = YES;
				CLANG_WARN_OBJC_IMPLICIT_RETAIN_SELF = YES;
				CLANG_WARN_OBJC_LITERAL_CONVERSION = YES;
				CLANG_WARN_OBJC_ROOT_CLASS = YES_ERROR;
				CLANG_WARN_QUOTED_INCLUDE_IN_FRAMEWORK_HEADER = YES;
				CLANG_WARN_RANGE_LOOP_ANALYSIS = YES;
				CLANG_WARN_STRICT_PROTOTYPES = YES;
				CLANG_WARN_SUSPICIOUS_MOVE = YES;
				CLANG_WARN_UNGUARDED_AVAILABILITY = YES_AGGRESSIVE;
				CLANG_WARN_UNREACHABLE_CODE = YES;
				CLANG_WARN__DUPLICATE_METHOD_MATCH = YES;
				COPY_PHASE_STRIP = NO;
				DEBUG_INFORMATION_FORMAT = dwarf;
				ENABLE_STRICT_OBJC_MSGSEND = YES;
				ENABLE_TESTABILITY = YES;
				GCC_C_LANGUAGE_STANDARD = gnu11;
				GCC_DYNAMIC_NO_PIC = NO;
				GCC_NO_COMMON_BLOCKS = YES;
				GCC_OPTIMIZATION_LEVEL = 0;
				GCC_PREPROCESSOR_DEFINITIONS = (
					"DEBUG=1",
					"$(inherited)",
				);
				GCC_WARN_64_TO_32_BIT_CONVERSION = YES;
				GCC_WARN_ABOUT_RETURN_TYPE = YES_ERROR;
				GCC_WARN_UNDECLARED_SELECTOR = YES;
				GCC_WARN_UNINITIALIZED_AUTOS = YES_AGGRESSIVE;
				GCC_WARN_UNUSED_FUNCTION = YES;
				GCC_WARN_UNUSED_VARIABLE = YES;
				IPHONEOS_DEPLOYMENT_TARGET = 14.5;
				MTL_ENABLE_DEBUG_INFO = INCLUDE_SOURCE;
				MTL_FAST_MATH = YES;
				ONLY_ACTIVE_ARCH = YES;
				SDKROOT = iphoneos;
				SWIFT_ACTIVE_COMPILATION_CONDITIONS = DEBUG;
				SWIFT_OPTIMIZATION_LEVEL = "-Onone";
			};
			name = Debug;
		};
		1E3A8536266D14D30004393C /* Release */ = {
			isa = XCBuildConfiguration;
			buildSettings = {
				ALWAYS_SEARCH_USER_PATHS = NO;
				CLANG_ANALYZER_NONNULL = YES;
				CLANG_ANALYZER_NUMBER_OBJECT_CONVERSION = YES_AGGRESSIVE;
				CLANG_CXX_LANGUAGE_STANDARD = "gnu++14";
				CLANG_CXX_LIBRARY = "libc++";
				CLANG_ENABLE_MODULES = YES;
				CLANG_ENABLE_OBJC_ARC = YES;
				CLANG_ENABLE_OBJC_WEAK = YES;
				CLANG_WARN_BLOCK_CAPTURE_AUTORELEASING = YES;
				CLANG_WARN_BOOL_CONVERSION = YES;
				CLANG_WARN_COMMA = YES;
				CLANG_WARN_CONSTANT_CONVERSION = YES;
				CLANG_WARN_DEPRECATED_OBJC_IMPLEMENTATIONS = YES;
				CLANG_WARN_DIRECT_OBJC_ISA_USAGE = YES_ERROR;
				CLANG_WARN_DOCUMENTATION_COMMENTS = YES;
				CLANG_WARN_EMPTY_BODY = YES;
				CLANG_WARN_ENUM_CONVERSION = YES;
				CLANG_WARN_INFINITE_RECURSION = YES;
				CLANG_WARN_INT_CONVERSION = YES;
				CLANG_WARN_NON_LITERAL_NULL_CONVERSION = YES;
				CLANG_WARN_OBJC_IMPLICIT_RETAIN_SELF = YES;
				CLANG_WARN_OBJC_LITERAL_CONVERSION = YES;
				CLANG_WARN_OBJC_ROOT_CLASS = YES_ERROR;
				CLANG_WARN_QUOTED_INCLUDE_IN_FRAMEWORK_HEADER = YES;
				CLANG_WARN_RANGE_LOOP_ANALYSIS = YES;
				CLANG_WARN_STRICT_PROTOTYPES = YES;
				CLANG_WARN_SUSPICIOUS_MOVE = YES;
				CLANG_WARN_UNGUARDED_AVAILABILITY = YES_AGGRESSIVE;
				CLANG_WARN_UNREACHABLE_CODE = YES;
				CLANG_WARN__DUPLICATE_METHOD_MATCH = YES;
				COPY_PHASE_STRIP = NO;
				DEBUG_INFORMATION_FORMAT = "dwarf-with-dsym";
				ENABLE_NS_ASSERTIONS = NO;
				ENABLE_STRICT_OBJC_MSGSEND = YES;
				GCC_C_LANGUAGE_STANDARD = gnu11;
				GCC_NO_COMMON_BLOCKS = YES;
				GCC_WARN_64_TO_32_BIT_CONVERSION = YES;
				GCC_WARN_ABOUT_RETURN_TYPE = YES_ERROR;
				GCC_WARN_UNDECLARED_SELECTOR = YES;
				GCC_WARN_UNINITIALIZED_AUTOS = YES_AGGRESSIVE;
				GCC_WARN_UNUSED_FUNCTION = YES;
				GCC_WARN_UNUSED_VARIABLE = YES;
				IPHONEOS_DEPLOYMENT_TARGET = 14.5;
				MTL_ENABLE_DEBUG_INFO = NO;
				MTL_FAST_MATH = YES;
				SDKROOT = iphoneos;
				SWIFT_COMPILATION_MODE = wholemodule;
				SWIFT_OPTIMIZATION_LEVEL = "-O";
				VALIDATE_PRODUCT = YES;
			};
			name = Release;
		};
		1E3A8538266D14D30004393C /* Debug */ = {
			isa = XCBuildConfiguration;
			buildSettings = {
				ASSETCATALOG_COMPILER_APPICON_NAME = AppIcon;
				ASSETCATALOG_COMPILER_GLOBAL_ACCENT_COLOR_NAME = AccentColor;
				CODE_SIGN_STYLE = Automatic;
				DEVELOPMENT_TEAM = M2XWCGAHWF;
				INFOPLIST_FILE = "GraphQL-Kata/Info.plist";
				LD_RUNPATH_SEARCH_PATHS = (
					"$(inherited)",
					"@executable_path/Frameworks",
				);
				PRODUCT_BUNDLE_IDENTIFIER = "com.ahmad.atef.GraphQL-Kata";
				PRODUCT_NAME = "$(TARGET_NAME)";
				SWIFT_VERSION = 5.0;
				TARGETED_DEVICE_FAMILY = "1,2";
			};
			name = Debug;
		};
		1E3A8539266D14D30004393C /* Release */ = {
			isa = XCBuildConfiguration;
			buildSettings = {
				ASSETCATALOG_COMPILER_APPICON_NAME = AppIcon;
				ASSETCATALOG_COMPILER_GLOBAL_ACCENT_COLOR_NAME = AccentColor;
				CODE_SIGN_STYLE = Automatic;
				DEVELOPMENT_TEAM = M2XWCGAHWF;
				INFOPLIST_FILE = "GraphQL-Kata/Info.plist";
				LD_RUNPATH_SEARCH_PATHS = (
					"$(inherited)",
					"@executable_path/Frameworks",
				);
				PRODUCT_BUNDLE_IDENTIFIER = "com.ahmad.atef.GraphQL-Kata";
				PRODUCT_NAME = "$(TARGET_NAME)";
				SWIFT_VERSION = 5.0;
				TARGETED_DEVICE_FAMILY = "1,2";
			};
			name = Release;
		};
/* End XCBuildConfiguration section */

/* Begin XCConfigurationList section */
		1E3A8508266D14D00004393C /* Build configuration list for PBXProject "GraphQL-Kata" */ = {
			isa = XCConfigurationList;
			buildConfigurations = (
				1E3A8535266D14D30004393C /* Debug */,
				1E3A8536266D14D30004393C /* Release */,
			);
			defaultConfigurationIsVisible = 0;
			defaultConfigurationName = Release;
		};
		1E3A8537266D14D30004393C /* Build configuration list for PBXNativeTarget "GraphQL-Kata" */ = {
			isa = XCConfigurationList;
			buildConfigurations = (
				1E3A8538266D14D30004393C /* Debug */,
				1E3A8539266D14D30004393C /* Release */,
			);
			defaultConfigurationIsVisible = 0;
			defaultConfigurationName = Release;
		};
/* End XCConfigurationList section */

/* Begin XCRemoteSwiftPackageReference section */
		1EAD8711266D25BA0070AE91 /* XCRemoteSwiftPackageReference "apollo-ios" */ = {
			isa = XCRemoteSwiftPackageReference;
			repositoryURL = "https://github.com/apollographql/apollo-ios.git";
			requirement = {
				kind = upToNextMajorVersion;
				minimumVersion = 0.43.0;
			};
		};
/* End XCRemoteSwiftPackageReference section */

/* Begin XCSwiftPackageProductDependency section */
		1EAD8712266D25BA0070AE91 /* Apollo */ = {
			isa = XCSwiftPackageProductDependency;
			package = 1EAD8711266D25BA0070AE91 /* XCRemoteSwiftPackageReference "apollo-ios" */;
			productName = Apollo;
		};
		1EAD8714266D25BA0070AE91 /* ApolloWebSocket */ = {
			isa = XCSwiftPackageProductDependency;
			package = 1EAD8711266D25BA0070AE91 /* XCRemoteSwiftPackageReference "apollo-ios" */;
			productName = ApolloWebSocket;
		};
/* End XCSwiftPackageProductDependency section */
	};
	rootObject = 1E3A8505266D14D00004393C /* Project object */;
}
